// !$*UTF8*$!
{
	archiveVersion = 1;
	classes = {
	};
	objectVersion = 46;
	objects = {

/* Begin PBXBuildFile section */
		0C1238161F12B5EC00CA8C6C /* Util.swift in Sources */ = {isa = PBXBuildFile; fileRef = 0C1238151F12B5EC00CA8C6C /* Util.swift */; };
		0C1FC8161EF9F34700B18623 /* AppDelegate.swift in Sources */ = {isa = PBXBuildFile; fileRef = 0C1FC8151EF9F34700B18623 /* AppDelegate.swift */; };
		0C1FC81B1EF9F34700B18623 /* Main.storyboard in Resources */ = {isa = PBXBuildFile; fileRef = 0C1FC8191EF9F34700B18623 /* Main.storyboard */; };
		0C1FC81D1EF9F34700B18623 /* Assets.xcassets in Resources */ = {isa = PBXBuildFile; fileRef = 0C1FC81C1EF9F34700B18623 /* Assets.xcassets */; };
		0C1FC8201EF9F34700B18623 /* LaunchScreen.storyboard in Resources */ = {isa = PBXBuildFile; fileRef = 0C1FC81E1EF9F34700B18623 /* LaunchScreen.storyboard */; };
		0C4423F81EFA0A61005F7153 /* SignInViewController.swift in Sources */ = {isa = PBXBuildFile; fileRef = 0C4423F71EFA0A61005F7153 /* SignInViewController.swift */; };
		0C4423FA1EFA0A7E005F7153 /* SignUpViewController.swift in Sources */ = {isa = PBXBuildFile; fileRef = 0C4423F91EFA0A7E005F7153 /* SignUpViewController.swift */; };
		0C4423FC1EFA0AAC005F7153 /* HomeScreenViewController.swift in Sources */ = {isa = PBXBuildFile; fileRef = 0C4423FB1EFA0AAC005F7153 /* HomeScreenViewController.swift */; };
		0C4423FE1EFA0AD1005F7153 /* ChartsViewController.swift in Sources */ = {isa = PBXBuildFile; fileRef = 0C4423FD1EFA0AD1005F7153 /* ChartsViewController.swift */; };
		0C595E771F2546460096E2FD /* SWRevealViewController.m in Sources */ = {isa = PBXBuildFile; fileRef = 0C595E761F2546460096E2FD /* SWRevealViewController.m */; };
		0C595E7A1F254A130096E2FD /* MenuViewController.swift in Sources */ = {isa = PBXBuildFile; fileRef = 0C595E791F254A130096E2FD /* MenuViewController.swift */; };
		0C7DB3321F1F08BC00CCD215 /* Info.plist in Resources */ = {isa = PBXBuildFile; fileRef = 0C7DB32D1F1F08BC00CCD215 /* Info.plist */; };
		0C7DB3331F1F08BC00CCD215 /* Palette.swift in Sources */ = {isa = PBXBuildFile; fileRef = 0C7DB32E1F1F08BC00CCD215 /* Palette.swift */; };
		0C7DB3341F1F08BC00CCD215 /* TwicketSegmentedControl.swift in Sources */ = {isa = PBXBuildFile; fileRef = 0C7DB3301F1F08BC00CCD215 /* TwicketSegmentedControl.swift */; };
		0C7DB3351F1F08BC00CCD215 /* UIViewShadowExtension.swift in Sources */ = {isa = PBXBuildFile; fileRef = 0C7DB3311F1F08BC00CCD215 /* UIViewShadowExtension.swift */; };
		0C7DB3371F1F0B1400CCD215 /* ChartSetupController.swift in Sources */ = {isa = PBXBuildFile; fileRef = 0C7DB3361F1F0B1400CCD215 /* ChartSetupController.swift */; };
		0CCFDA041F1C19D500C5B022 /* DataService.swift in Sources */ = {isa = PBXBuildFile; fileRef = 0CCFDA031F1C19D500C5B022 /* DataService.swift */; };
		0CD05BFB1EFCB236006EB56B /* GoogleService-Info.plist in Resources */ = {isa = PBXBuildFile; fileRef = 0CD05BFA1EFCB236006EB56B /* GoogleService-Info.plist */; };
		0CD05C021F01C532006EB56B /* ChartsTableViewCell.swift in Sources */ = {isa = PBXBuildFile; fileRef = 0CD05C011F01C532006EB56B /* ChartsTableViewCell.swift */; };
		D3CAB0E463A3AD9C8424DBB0 /* Pods_KPCharts.framework in Frameworks */ = {isa = PBXBuildFile; fileRef = 688B29506E4B335757734DBA /* Pods_KPCharts.framework */; };
/* End PBXBuildFile section */

/* Begin PBXFileReference section */
		0C1238151F12B5EC00CA8C6C /* Util.swift */ = {isa = PBXFileReference; fileEncoding = 4; lastKnownFileType = sourcecode.swift; path = Util.swift; sourceTree = "<group>"; };
		0C1FC8121EF9F34700B18623 /* KPCharts.app */ = {isa = PBXFileReference; explicitFileType = wrapper.application; includeInIndex = 0; path = KPCharts.app; sourceTree = BUILT_PRODUCTS_DIR; };
		0C1FC8151EF9F34700B18623 /* AppDelegate.swift */ = {isa = PBXFileReference; lastKnownFileType = sourcecode.swift; path = AppDelegate.swift; sourceTree = "<group>"; };
		0C1FC81A1EF9F34700B18623 /* Base */ = {isa = PBXFileReference; lastKnownFileType = file.storyboard; name = Base; path = Base.lproj/Main.storyboard; sourceTree = "<group>"; };
		0C1FC81C1EF9F34700B18623 /* Assets.xcassets */ = {isa = PBXFileReference; lastKnownFileType = folder.assetcatalog; path = Assets.xcassets; sourceTree = "<group>"; };
		0C1FC81F1EF9F34700B18623 /* Base */ = {isa = PBXFileReference; lastKnownFileType = file.storyboard; name = Base; path = Base.lproj/LaunchScreen.storyboard; sourceTree = "<group>"; };
		0C1FC8211EF9F34700B18623 /* Info.plist */ = {isa = PBXFileReference; lastKnownFileType = text.plist.xml; path = Info.plist; sourceTree = "<group>"; };
		0C4423F71EFA0A61005F7153 /* SignInViewController.swift */ = {isa = PBXFileReference; fileEncoding = 4; lastKnownFileType = sourcecode.swift; path = SignInViewController.swift; sourceTree = "<group>"; };
		0C4423F91EFA0A7E005F7153 /* SignUpViewController.swift */ = {isa = PBXFileReference; fileEncoding = 4; lastKnownFileType = sourcecode.swift; path = SignUpViewController.swift; sourceTree = "<group>"; };
		0C4423FB1EFA0AAC005F7153 /* HomeScreenViewController.swift */ = {isa = PBXFileReference; fileEncoding = 4; lastKnownFileType = sourcecode.swift; path = HomeScreenViewController.swift; sourceTree = "<group>"; };
		0C4423FD1EFA0AD1005F7153 /* ChartsViewController.swift */ = {isa = PBXFileReference; fileEncoding = 4; lastKnownFileType = sourcecode.swift; path = ChartsViewController.swift; sourceTree = "<group>"; };
		0C595E741F2546450096E2FD /* KPCharts-Bridging-Header.h */ = {isa = PBXFileReference; lastKnownFileType = sourcecode.c.h; path = "KPCharts-Bridging-Header.h"; sourceTree = "<group>"; };
		0C595E751F2546460096E2FD /* SWRevealViewController.h */ = {isa = PBXFileReference; fileEncoding = 4; lastKnownFileType = sourcecode.c.h; path = SWRevealViewController.h; sourceTree = "<group>"; };
		0C595E761F2546460096E2FD /* SWRevealViewController.m */ = {isa = PBXFileReference; fileEncoding = 4; lastKnownFileType = sourcecode.c.objc; path = SWRevealViewController.m; sourceTree = "<group>"; };
		0C595E791F254A130096E2FD /* MenuViewController.swift */ = {isa = PBXFileReference; fileEncoding = 4; lastKnownFileType = sourcecode.swift; path = MenuViewController.swift; sourceTree = "<group>"; };
		0C7DB32D1F1F08BC00CCD215 /* Info.plist */ = {isa = PBXFileReference; fileEncoding = 4; lastKnownFileType = text.plist.xml; path = Info.plist; sourceTree = "<group>"; };
		0C7DB32E1F1F08BC00CCD215 /* Palette.swift */ = {isa = PBXFileReference; fileEncoding = 4; lastKnownFileType = sourcecode.swift; path = Palette.swift; sourceTree = "<group>"; };
		0C7DB32F1F1F08BC00CCD215 /* TwicketSegmentedControl.h */ = {isa = PBXFileReference; fileEncoding = 4; lastKnownFileType = sourcecode.c.h; path = TwicketSegmentedControl.h; sourceTree = "<group>"; };
		0C7DB3301F1F08BC00CCD215 /* TwicketSegmentedControl.swift */ = {isa = PBXFileReference; fileEncoding = 4; lastKnownFileType = sourcecode.swift; path = TwicketSegmentedControl.swift; sourceTree = "<group>"; };
		0C7DB3311F1F08BC00CCD215 /* UIViewShadowExtension.swift */ = {isa = PBXFileReference; fileEncoding = 4; lastKnownFileType = sourcecode.swift; path = UIViewShadowExtension.swift; sourceTree = "<group>"; };
		0C7DB3361F1F0B1400CCD215 /* ChartSetupController.swift */ = {isa = PBXFileReference; fileEncoding = 4; lastKnownFileType = sourcecode.swift; path = ChartSetupController.swift; sourceTree = "<group>"; };
		0CCFDA031F1C19D500C5B022 /* DataService.swift */ = {isa = PBXFileReference; fileEncoding = 4; lastKnownFileType = sourcecode.swift; path = DataService.swift; sourceTree = "<group>"; };
		0CD05BFA1EFCB236006EB56B /* GoogleService-Info.plist */ = {isa = PBXFileReference; fileEncoding = 4; lastKnownFileType = text.plist.xml; path = "GoogleService-Info.plist"; sourceTree = "<group>"; };
		0CD05C011F01C532006EB56B /* ChartsTableViewCell.swift */ = {isa = PBXFileReference; fileEncoding = 4; lastKnownFileType = sourcecode.swift; path = ChartsTableViewCell.swift; sourceTree = "<group>"; };
		688B29506E4B335757734DBA /* Pods_KPCharts.framework */ = {isa = PBXFileReference; explicitFileType = wrapper.framework; includeInIndex = 0; path = Pods_KPCharts.framework; sourceTree = BUILT_PRODUCTS_DIR; };
		EC0D5AF899EB6234DFD99363 /* Pods-KPCharts.release.xcconfig */ = {isa = PBXFileReference; includeInIndex = 1; lastKnownFileType = text.xcconfig; name = "Pods-KPCharts.release.xcconfig"; path = "Pods/Target Support Files/Pods-KPCharts/Pods-KPCharts.release.xcconfig"; sourceTree = "<group>"; };
		F41C3757932298E3EF06EB29 /* Pods-KPCharts.debug.xcconfig */ = {isa = PBXFileReference; includeInIndex = 1; lastKnownFileType = text.xcconfig; name = "Pods-KPCharts.debug.xcconfig"; path = "Pods/Target Support Files/Pods-KPCharts/Pods-KPCharts.debug.xcconfig"; sourceTree = "<group>"; };
/* End PBXFileReference section */

/* Begin PBXFrameworksBuildPhase section */
		0C1FC80F1EF9F34700B18623 /* Frameworks */ = {
			isa = PBXFrameworksBuildPhase;
			buildActionMask = 2147483647;
			files = (
				D3CAB0E463A3AD9C8424DBB0 /* Pods_KPCharts.framework in Frameworks */,
			);
			runOnlyForDeploymentPostprocessing = 0;
		};
/* End PBXFrameworksBuildPhase section */

/* Begin PBXGroup section */
		0C1FC8091EF9F34700B18623 = {
			isa = PBXGroup;
			children = (
				0C1FC8141EF9F34700B18623 /* KPCharts */,
				0C1FC8131EF9F34700B18623 /* Products */,
				EFAFE1A878FE4AC1BA18BC74 /* Pods */,
				886204A0AC7FC85098AC15E3 /* Frameworks */,
			);
			sourceTree = "<group>";
		};
		0C1FC8131EF9F34700B18623 /* Products */ = {
			isa = PBXGroup;
			children = (
				0C1FC8121EF9F34700B18623 /* KPCharts.app */,
			);
			name = Products;
			sourceTree = "<group>";
		};
		0C1FC8141EF9F34700B18623 /* KPCharts */ = {
			isa = PBXGroup;
			children = (
				0C7DB32B1F1F084900CCD215 /* Libs */,
				0C972FF01F05DF7900E4B834 /* Controllers */,
				0CD05C001F01C4F6006EB56B /* Views */,
				0C1FC8191EF9F34700B18623 /* Main.storyboard */,
				0C1FC81C1EF9F34700B18623 /* Assets.xcassets */,
				0C1FC81E1EF9F34700B18623 /* LaunchScreen.storyboard */,
				0C1FC8211EF9F34700B18623 /* Info.plist */,
				0CD05BFA1EFCB236006EB56B /* GoogleService-Info.plist */,
				0C1238151F12B5EC00CA8C6C /* Util.swift */,
			);
			path = KPCharts;
			sourceTree = "<group>";
		};
		0C595E781F2546850096E2FD /* SWRevealViewController */ = {
			isa = PBXGroup;
			children = (
				0C595E751F2546460096E2FD /* SWRevealViewController.h */,
				0C595E761F2546460096E2FD /* SWRevealViewController.m */,
			);
			name = SWRevealViewController;
			sourceTree = "<group>";
		};
		0C7DB32B1F1F084900CCD215 /* Libs */ = {
			isa = PBXGroup;
			children = (
				0C595E781F2546850096E2FD /* SWRevealViewController */,
				0C7DB32C1F1F08BC00CCD215 /* TwicketSegmentedControl */,
				0C595E741F2546450096E2FD /* KPCharts-Bridging-Header.h */,
			);
			name = Libs;
			sourceTree = "<group>";
		};
		0C7DB32C1F1F08BC00CCD215 /* TwicketSegmentedControl */ = {
			isa = PBXGroup;
			children = (
				0C7DB32D1F1F08BC00CCD215 /* Info.plist */,
				0C7DB32E1F1F08BC00CCD215 /* Palette.swift */,
				0C7DB32F1F1F08BC00CCD215 /* TwicketSegmentedControl.h */,
				0C7DB3301F1F08BC00CCD215 /* TwicketSegmentedControl.swift */,
				0C7DB3311F1F08BC00CCD215 /* UIViewShadowExtension.swift */,
			);
			path = TwicketSegmentedControl;
			sourceTree = "<group>";
		};
		0C972FF01F05DF7900E4B834 /* Controllers */ = {
			isa = PBXGroup;
			children = (
				0CCFDA031F1C19D500C5B022 /* DataService.swift */,
				0C4423FB1EFA0AAC005F7153 /* HomeScreenViewController.swift */,
				0C4423F91EFA0A7E005F7153 /* SignUpViewController.swift */,
				0C4423F71EFA0A61005F7153 /* SignInViewController.swift */,
				0C1FC8151EF9F34700B18623 /* AppDelegate.swift */,
				0C4423FD1EFA0AD1005F7153 /* ChartsViewController.swift */,
				0C7DB3361F1F0B1400CCD215 /* ChartSetupController.swift */,
				0C595E791F254A130096E2FD /* MenuViewController.swift */,
			);
			name = Controllers;
			sourceTree = "<group>";
		};
		0CD05C001F01C4F6006EB56B /* Views */ = {
			isa = PBXGroup;
			children = (
				0CD05C011F01C532006EB56B /* ChartsTableViewCell.swift */,
			);
			name = Views;
			sourceTree = "<group>";
		};
		886204A0AC7FC85098AC15E3 /* Frameworks */ = {
			isa = PBXGroup;
			children = (
				688B29506E4B335757734DBA /* Pods_KPCharts.framework */,
			);
			name = Frameworks;
			sourceTree = "<group>";
		};
		EFAFE1A878FE4AC1BA18BC74 /* Pods */ = {
			isa = PBXGroup;
			children = (
				F41C3757932298E3EF06EB29 /* Pods-KPCharts.debug.xcconfig */,
				EC0D5AF899EB6234DFD99363 /* Pods-KPCharts.release.xcconfig */,
			);
			name = Pods;
			sourceTree = "<group>";
		};
/* End PBXGroup section */

/* Begin PBXNativeTarget section */
		0C1FC8111EF9F34700B18623 /* KPCharts */ = {
			isa = PBXNativeTarget;
			buildConfigurationList = 0C1FC8241EF9F34700B18623 /* Build configuration list for PBXNativeTarget "KPCharts" */;
			buildPhases = (
				DD5903CE098359F3ED293AEA /* [CP] Check Pods Manifest.lock */,
				0C1FC80E1EF9F34700B18623 /* Sources */,
				0C1FC80F1EF9F34700B18623 /* Frameworks */,
				0C1FC8101EF9F34700B18623 /* Resources */,
				F5911444C1F7F8F2361B5FA3 /* [CP] Embed Pods Frameworks */,
				E3B1F5BBCD7114EE18949EDC /* [CP] Copy Pods Resources */,
			);
			buildRules = (
			);
			dependencies = (
			);
			name = KPCharts;
			productName = KPCharts;
			productReference = 0C1FC8121EF9F34700B18623 /* KPCharts.app */;
			productType = "com.apple.product-type.application";
		};
/* End PBXNativeTarget section */

/* Begin PBXProject section */
		0C1FC80A1EF9F34700B18623 /* Project object */ = {
			isa = PBXProject;
			attributes = {
				LastSwiftUpdateCheck = 0830;
				LastUpgradeCheck = 0830;
				TargetAttributes = {
					0C1FC8111EF9F34700B18623 = {
						CreatedOnToolsVersion = 8.3.1;
						DevelopmentTeam = G3R5J2YQ9F;
						LastSwiftMigration = 0830;
						ProvisioningStyle = Automatic;
					};
				};
			};
			buildConfigurationList = 0C1FC80D1EF9F34700B18623 /* Build configuration list for PBXProject "KPCharts" */;
			compatibilityVersion = "Xcode 3.2";
			developmentRegion = English;
			hasScannedForEncodings = 0;
			knownRegions = (
				en,
				Base,
			);
			mainGroup = 0C1FC8091EF9F34700B18623;
			productRefGroup = 0C1FC8131EF9F34700B18623 /* Products */;
			projectDirPath = "";
			projectRoot = "";
			targets = (
				0C1FC8111EF9F34700B18623 /* KPCharts */,
			);
		};
/* End PBXProject section */

/* Begin PBXResourcesBuildPhase section */
		0C1FC8101EF9F34700B18623 /* Resources */ = {
			isa = PBXResourcesBuildPhase;
			buildActionMask = 2147483647;
			files = (
				0C1FC8201EF9F34700B18623 /* LaunchScreen.storyboard in Resources */,
				0CD05BFB1EFCB236006EB56B /* GoogleService-Info.plist in Resources */,
				0C1FC81D1EF9F34700B18623 /* Assets.xcassets in Resources */,
				0C7DB3321F1F08BC00CCD215 /* Info.plist in Resources */,
				0C1FC81B1EF9F34700B18623 /* Main.storyboard in Resources */,
			);
			runOnlyForDeploymentPostprocessing = 0;
		};
/* End PBXResourcesBuildPhase section */

/* Begin PBXShellScriptBuildPhase section */
		DD5903CE098359F3ED293AEA /* [CP] Check Pods Manifest.lock */ = {
			isa = PBXShellScriptBuildPhase;
			buildActionMask = 2147483647;
			files = (
			);
			inputPaths = (
			);
			name = "[CP] Check Pods Manifest.lock";
			outputPaths = (
			);
			runOnlyForDeploymentPostprocessing = 0;
			shellPath = /bin/sh;
			shellScript = "diff \"${PODS_ROOT}/../Podfile.lock\" \"${PODS_ROOT}/Manifest.lock\" > /dev/null\nif [ $? != 0 ] ; then\n    # print error to STDERR\n    echo \"error: The sandbox is not in sync with the Podfile.lock. Run 'pod install' or update your CocoaPods installation.\" >&2\n    exit 1\nfi\n";
			showEnvVarsInLog = 0;
		};
		E3B1F5BBCD7114EE18949EDC /* [CP] Copy Pods Resources */ = {
			isa = PBXShellScriptBuildPhase;
			buildActionMask = 2147483647;
			files = (
			);
			inputPaths = (
			);
			name = "[CP] Copy Pods Resources";
			outputPaths = (
			);
			runOnlyForDeploymentPostprocessing = 0;
			shellPath = /bin/sh;
			shellScript = "\"${SRCROOT}/Pods/Target Support Files/Pods-KPCharts/Pods-KPCharts-resources.sh\"\n";
			showEnvVarsInLog = 0;
		};
		F5911444C1F7F8F2361B5FA3 /* [CP] Embed Pods Frameworks */ = {
			isa = PBXShellScriptBuildPhase;
			buildActionMask = 2147483647;
			files = (
			);
			inputPaths = (
			);
			name = "[CP] Embed Pods Frameworks";
			outputPaths = (
			);
			runOnlyForDeploymentPostprocessing = 0;
			shellPath = /bin/sh;
			shellScript = "\"${SRCROOT}/Pods/Target Support Files/Pods-KPCharts/Pods-KPCharts-frameworks.sh\"\n";
			showEnvVarsInLog = 0;
		};
/* End PBXShellScriptBuildPhase section */

/* Begin PBXSourcesBuildPhase section */
		0C1FC80E1EF9F34700B18623 /* Sources */ = {
			isa = PBXSourcesBuildPhase;
			buildActionMask = 2147483647;
			files = (
				0C595E771F2546460096E2FD /* SWRevealViewController.m in Sources */,
				0C7DB3371F1F0B1400CCD215 /* ChartSetupController.swift in Sources */,
				0C1FC8161EF9F34700B18623 /* AppDelegate.swift in Sources */,
				0C595E7A1F254A130096E2FD /* MenuViewController.swift in Sources */,
				0C4423FA1EFA0A7E005F7153 /* SignUpViewController.swift in Sources */,
				0C1238161F12B5EC00CA8C6C /* Util.swift in Sources */,
				0C7DB3351F1F08BC00CCD215 /* UIViewShadowExtension.swift in Sources */,
				0C7DB3331F1F08BC00CCD215 /* Palette.swift in Sources */,
				0C7DB3341F1F08BC00CCD215 /* TwicketSegmentedControl.swift in Sources */,
				0CD05C021F01C532006EB56B /* ChartsTableViewCell.swift in Sources */,
				0C4423FE1EFA0AD1005F7153 /* ChartsViewController.swift in Sources */,
				0C4423F81EFA0A61005F7153 /* SignInViewController.swift in Sources */,
				0C4423FC1EFA0AAC005F7153 /* HomeScreenViewController.swift in Sources */,
				0CCFDA041F1C19D500C5B022 /* DataService.swift in Sources */,
			);
			runOnlyForDeploymentPostprocessing = 0;
		};
/* End PBXSourcesBuildPhase section */

/* Begin PBXVariantGroup section */
		0C1FC8191EF9F34700B18623 /* Main.storyboard */ = {
			isa = PBXVariantGroup;
			children = (
				0C1FC81A1EF9F34700B18623 /* Base */,
			);
			name = Main.storyboard;
			sourceTree = "<group>";
		};
		0C1FC81E1EF9F34700B18623 /* LaunchScreen.storyboard */ = {
			isa = PBXVariantGroup;
			children = (
				0C1FC81F1EF9F34700B18623 /* Base */,
			);
			name = LaunchScreen.storyboard;
			sourceTree = "<group>";
		};
/* End PBXVariantGroup section */

/* Begin XCBuildConfiguration section */
		0C1FC8221EF9F34700B18623 /* Debug */ = {
			isa = XCBuildConfiguration;
			buildSettings = {
				ALWAYS_SEARCH_USER_PATHS = NO;
				CLANG_ANALYZER_NONNULL = YES;
				CLANG_ANALYZER_NUMBER_OBJECT_CONVERSION = YES_AGGRESSIVE;
				CLANG_CXX_LANGUAGE_STANDARD = "gnu++0x";
				CLANG_CXX_LIBRARY = "libc++";
				CLANG_ENABLE_MODULES = YES;
				CLANG_ENABLE_OBJC_ARC = YES;
				CLANG_WARN_BOOL_CONVERSION = YES;
				CLANG_WARN_CONSTANT_CONVERSION = YES;
				CLANG_WARN_DIRECT_OBJC_ISA_USAGE = YES_ERROR;
				CLANG_WARN_DOCUMENTATION_COMMENTS = YES;
				CLANG_WARN_EMPTY_BODY = YES;
				CLANG_WARN_ENUM_CONVERSION = YES;
				CLANG_WARN_INFINITE_RECURSION = YES;
				CLANG_WARN_INT_CONVERSION = YES;
				CLANG_WARN_OBJC_ROOT_CLASS = YES_ERROR;
				CLANG_WARN_SUSPICIOUS_MOVE = YES;
				CLANG_WARN_UNREACHABLE_CODE = YES;
				CLANG_WARN__DUPLICATE_METHOD_MATCH = YES;
				"CODE_SIGN_IDENTITY[sdk=iphoneos*]" = "iPhone Developer";
				COPY_PHASE_STRIP = NO;
				DEBUG_INFORMATION_FORMAT = dwarf;
				ENABLE_STRICT_OBJC_MSGSEND = YES;
				ENABLE_TESTABILITY = YES;
				GCC_C_LANGUAGE_STANDARD = gnu99;
				GCC_DYNAMIC_NO_PIC = NO;
				GCC_NO_COMMON_BLOCKS = YES;
				GCC_OPTIMIZATION_LEVEL = 0;
				GCC_PREPROCESSOR_DEFINITIONS = (
					"DEBUG=1",
					"$(inherited)",
				);
				GCC_WARN_64_TO_32_BIT_CONVERSION = YES;
				GCC_WARN_ABOUT_RETURN_TYPE = YES_ERROR;
				GCC_WARN_UNDECLARED_SELECTOR = YES;
				GCC_WARN_UNINITIALIZED_AUTOS = YES_AGGRESSIVE;
				GCC_WARN_UNUSED_FUNCTION = YES;
				GCC_WARN_UNUSED_VARIABLE = YES;
				IPHONEOS_DEPLOYMENT_TARGET = 10.3;
				MTL_ENABLE_DEBUG_INFO = YES;
				ONLY_ACTIVE_ARCH = YES;
				SDKROOT = iphoneos;
				SWIFT_ACTIVE_COMPILATION_CONDITIONS = DEBUG;
				SWIFT_OPTIMIZATION_LEVEL = "-Onone";
			};
			name = Debug;
		};
		0C1FC8231EF9F34700B18623 /* Release */ = {
			isa = XCBuildConfiguration;
			buildSettings = {
				ALWAYS_SEARCH_USER_PATHS = NO;
				CLANG_ANALYZER_NONNULL = YES;
				CLANG_ANALYZER_NUMBER_OBJECT_CONVERSION = YES_AGGRESSIVE;
				CLANG_CXX_LANGUAGE_STANDARD = "gnu++0x";
				CLANG_CXX_LIBRARY = "libc++";
				CLANG_ENABLE_MODULES = YES;
				CLANG_ENABLE_OBJC_ARC = YES;
				CLANG_WARN_BOOL_CONVERSION = YES;
				CLANG_WARN_CONSTANT_CONVERSION = YES;
				CLANG_WARN_DIRECT_OBJC_ISA_USAGE = YES_ERROR;
				CLANG_WARN_DOCUMENTATION_COMMENTS = YES;
				CLANG_WARN_EMPTY_BODY = YES;
				CLANG_WARN_ENUM_CONVERSION = YES;
				CLANG_WARN_INFINITE_RECURSION = YES;
				CLANG_WARN_INT_CONVERSION = YES;
				CLANG_WARN_OBJC_ROOT_CLASS = YES_ERROR;
				CLANG_WARN_SUSPICIOUS_MOVE = YES;
				CLANG_WARN_UNREACHABLE_CODE = YES;
				CLANG_WARN__DUPLICATE_METHOD_MATCH = YES;
				"CODE_SIGN_IDENTITY[sdk=iphoneos*]" = "iPhone Developer";
				COPY_PHASE_STRIP = NO;
				DEBUG_INFORMATION_FORMAT = "dwarf-with-dsym";
				ENABLE_NS_ASSERTIONS = NO;
				ENABLE_STRICT_OBJC_MSGSEND = YES;
				GCC_C_LANGUAGE_STANDARD = gnu99;
				GCC_NO_COMMON_BLOCKS = YES;
				GCC_WARN_64_TO_32_BIT_CONVERSION = YES;
				GCC_WARN_ABOUT_RETURN_TYPE = YES_ERROR;
				GCC_WARN_UNDECLARED_SELECTOR = YES;
				GCC_WARN_UNINITIALIZED_AUTOS = YES_AGGRESSIVE;
				GCC_WARN_UNUSED_FUNCTION = YES;
				GCC_WARN_UNUSED_VARIABLE = YES;
				IPHONEOS_DEPLOYMENT_TARGET = 10.3;
				MTL_ENABLE_DEBUG_INFO = NO;
				SDKROOT = iphoneos;
				SWIFT_OPTIMIZATION_LEVEL = "-Owholemodule";
				VALIDATE_PRODUCT = YES;
			};
			name = Release;
		};
		0C1FC8251EF9F34700B18623 /* Debug */ = {
			isa = XCBuildConfiguration;
			baseConfigurationReference = F41C3757932298E3EF06EB29 /* Pods-KPCharts.debug.xcconfig */;
			buildSettings = {
				ASSETCATALOG_COMPILER_APPICON_NAME = AppIcon;
				CLANG_ENABLE_MODULES = YES;
				DEVELOPMENT_TEAM = G3R5J2YQ9F;
				INFOPLIST_FILE = KPCharts/Info.plist;
				LD_RUNPATH_SEARCH_PATHS = "$(inherited) @executable_path/Frameworks";
				PRODUCT_BUNDLE_IDENTIFIER = com.michaelmerani.KPCharts;
				PRODUCT_NAME = "$(TARGET_NAME)";
				SWIFT_OBJC_BRIDGING_HEADER = "KPCharts/KPCharts-Bridging-Header.h";
				SWIFT_OPTIMIZATION_LEVEL = "-Onone";
				SWIFT_VERSION = 3.0;
			};
			name = Debug;
		};
		0C1FC8261EF9F34700B18623 /* Release */ = {
			isa = XCBuildConfiguration;
			baseConfigurationReference = EC0D5AF899EB6234DFD99363 /* Pods-KPCharts.release.xcconfig */;
			buildSettings = {
				ASSETCATALOG_COMPILER_APPICON_NAME = AppIcon;
				CLANG_ENABLE_MODULES = YES;
				DEVELOPMENT_TEAM = G3R5J2YQ9F;
				INFOPLIST_FILE = KPCharts/Info.plist;
				LD_RUNPATH_SEARCH_PATHS = "$(inherited) @executable_path/Frameworks";
				PRODUCT_BUNDLE_IDENTIFIER = com.michaelmerani.KPCharts;
				PRODUCT_NAME = "$(TARGET_NAME)";
				SWIFT_OBJC_BRIDGING_HEADER = "KPCharts/KPCharts-Bridging-Header.h";
				SWIFT_VERSION = 3.0;
			};
			name = Release;
		};
/* End XCBuildConfiguration section */

/* Begin XCConfigurationList section */
		0C1FC80D1EF9F34700B18623 /* Build configuration list for PBXProject "KPCharts" */ = {
			isa = XCConfigurationList;
			buildConfigurations = (
				0C1FC8221EF9F34700B18623 /* Debug */,
				0C1FC8231EF9F34700B18623 /* Release */,
			);
			defaultConfigurationIsVisible = 0;
			defaultConfigurationName = Release;
		};
		0C1FC8241EF9F34700B18623 /* Build configuration list for PBXNativeTarget "KPCharts" */ = {
			isa = XCConfigurationList;
			buildConfigurations = (
				0C1FC8251EF9F34700B18623 /* Debug */,
				0C1FC8261EF9F34700B18623 /* Release */,
			);
			defaultConfigurationIsVisible = 0;
			defaultConfigurationName = Release;
		};
/* End XCConfigurationList section */
	};
	rootObject = 0C1FC80A1EF9F34700B18623 /* Project object */;
}
